
Microsoft Visual Studio Solution File, Format Version 12.00
# Visual Studio Version 16
VisualStudioVersion = 16.0.31729.503
MinimumVisualStudioVersion = 10.0.40219.1
Project("{8BC9CEB8-8B4A-11D0-8D11-00A0C91BC942}") = "Mouse Cursor Move", "Mouse Cursor Move\Mouse Cursor Move.vcxproj", "{F0B5160B-A069-4451-A906-1DEC3CF28209}"
EndProject
Global
	GlobalSection(SolutionConfigurationPlatforms) = preSolution
		Debug|x64 = Debug|x64
		Debug|x86 = Debug|x86
		Release|x64 = Release|x64
		Release|x86 = Release|x86
	EndGlobalSection
	GlobalSection(ProjectConfigurationPlatforms) = postSolution
		{F0B5160B-A069-4451-A906-1DEC3CF28209}.Debug|x64.ActiveCfg = Debug|x64
		{F0B5160B-A069-4451-A906-1DEC3CF28209}.Debug|x64.Build.0 = Debug|x64
		{F0B5160B-A069-4451-A906-1DEC3CF28209}.Debug|x86.ActiveCfg = Debug|Win32
		{F0B5160B-A069-4451-A906-1DEC3CF28209}.Debug|x86.Build.0 = Debug|Win32
		{F0B5160B-A069-4451-A906-1DEC3CF28209}.Release|x64.ActiveCfg = Release|x64
		{F0B5160B-A069-4451-A906-1DEC3CF28209}.Release|x64.Build.0 = Release|x64
		{F0B5160B-A069-4451-A906-1DEC3CF28209}.Release|x86.ActiveCfg = Release|Win32
		{F0B5160B-A069-4451-A906-1DEC3CF28209}.Release|x86.Build.0 = Release|Win32
	EndGlobalSection
	GlobalSection(SolutionProperties) = preSolution
		HideSolutionNode = FALSE
	EndGlobalSection
	GlobalSection(ExtensibilityGlobals) = postSolution
		SolutionGuid = {4F4C7916-B6CD-4E96-938E-1334E88193AA}
	EndGlobalSection
EndGlobal
